{
  "name": "vl-transit-api",
  "version": "1.0.0",
  "lockfileVersion": 3,
  "requires": true,
  "packages": {
    "": {
      "name": "vl-transit-api",
      "version": "1.0.0",
      "dependencies": {
        "pbf": "^4.0.1"
      }
    },
    "node_modules/pbf": {
      "version": "4.0.1",
      "resolved": "https://registry.npmjs.org/pbf/-/pbf-4.0.1.tgz",
      "integrity": "sha512-SuLdBvS42z33m8ejRbInMapQe8n0D3vN/Xd5fmWM3tufNgRQFBpaW2YVJxQZV4iPNqb0vEFvssMEo5w9c6BTIA==",
      "license": "BSD-3-Clause",
      "dependencies": {
        "resolve-protobuf-schema": "^2.1.0"
      },
      "bin": {
        "pbf": "bin/pbf"
      }
    },
    "node_modules/protocol-buffers-schema": {
      "version": "3.6.0",
      "resolved": "https://registry.npmjs.org/protocol-buffers-schema/-/protocol-buffers-schema-3.6.0.tgz",
      "integrity": "sha512-TdDRD+/QNdrCGCE7v8340QyuXd4kIWIgapsE2+n/SaGiSSbomYl4TjHlvIoCWRpE7wFt02EpB35VVA2ImcBVqw==",
      "license": "MIT"
    },
    "node_modules/resolve-protobuf-schema": {
      "version": "2.1.0",
      "resolved": "https://registry.npmjs.org/resolve-protobuf-schema/-/resolve-protobuf-schema-2.1.0.tgz",
      "integrity": "sha512-kI5ffTiZWmJaS/huM8wZfEMer1eRd7oJQhDuxeCLe3t7N7mX3z94CN0xPxBQxFYQTSNz9T0i+v6inKqSdK8xrQ==",
      "license": "MIT",
      "dependencies": {
        "protocol-buffers-schema": "^3.3.1"
      }
    }
  }
}
